// !$*UTF8*$!
{
	archiveVersion = 1;
	classes = {
	};
	objectVersion = 46;
	objects = {

/* Begin PBXBuildFile section */
		11A7D77B1BE41D8A00DAF030 /* AppDelegate.swift in Sources */ = {isa = PBXBuildFile; fileRef = 11A7D77A1BE41D8A00DAF030 /* AppDelegate.swift */; };
		11A7D7801BE41D8A00DAF030 /* Main.storyboard in Resources */ = {isa = PBXBuildFile; fileRef = 11A7D77E1BE41D8A00DAF030 /* Main.storyboard */; };
		11A7D7821BE41D8B00DAF030 /* Assets.xcassets in Resources */ = {isa = PBXBuildFile; fileRef = 11A7D7811BE41D8B00DAF030 /* Assets.xcassets */; };
		11A7D7851BE41D8B00DAF030 /* LaunchScreen.storyboard in Resources */ = {isa = PBXBuildFile; fileRef = 11A7D7831BE41D8B00DAF030 /* LaunchScreen.storyboard */; };
		11A7D78E1BE41DB100DAF030 /* AliasedViewController.swift in Sources */ = {isa = PBXBuildFile; fileRef = 11A7D78C1BE41DB100DAF030 /* AliasedViewController.swift */; settings = {ASSET_TAGS = (); }; };
		11A7D78F1BE41DB100DAF030 /* AliasedViewControllerProtocol.swift in Sources */ = {isa = PBXBuildFile; fileRef = 11A7D78D1BE41DB100DAF030 /* AliasedViewControllerProtocol.swift */; settings = {ASSET_TAGS = (); }; };
		11A7D7921BE41DB600DAF030 /* GenericViewController.swift in Sources */ = {isa = PBXBuildFile; fileRef = 11A7D7901BE41DB600DAF030 /* GenericViewController.swift */; settings = {ASSET_TAGS = (); }; };
		11A7D7931BE41DB600DAF030 /* SpecializedViewController.swift in Sources */ = {isa = PBXBuildFile; fileRef = 11A7D7911BE41DB600DAF030 /* SpecializedViewController.swift */; settings = {ASSET_TAGS = (); }; };
/* End PBXBuildFile section */

/* Begin PBXFileReference section */
		11A7D7771BE41D8A00DAF030 /* IBGenerics.app */ = {isa = PBXFileReference; explicitFileType = wrapper.application; includeInIndex = 0; path = IBGenerics.app; sourceTree = BUILT_PRODUCTS_DIR; };
		11A7D77A1BE41D8A00DAF030 /* AppDelegate.swift */ = {isa = PBXFileReference; lastKnownFileType = sourcecode.swift; path = AppDelegate.swift; sourceTree = "<group>"; };
		11A7D77F1BE41D8A00DAF030 /* Base */ = {isa = PBXFileReference; lastKnownFileType = file.storyboard; name = Base; path = Base.lproj/Main.storyboard; sourceTree = "<group>"; };
		11A7D7811BE41D8B00DAF030 /* Assets.xcassets */ = {isa = PBXFileReference; lastKnownFileType = folder.assetcatalog; path = Assets.xcassets; sourceTree = "<group>"; };
		11A7D7841BE41D8B00DAF030 /* Base */ = {isa = PBXFileReference; lastKnownFileType = file.storyboard; name = Base; path = Base.lproj/LaunchScreen.storyboard; sourceTree = "<group>"; };
		11A7D7861BE41D8B00DAF030 /* Info.plist */ = {isa = PBXFileReference; lastKnownFileType = text.plist.xml; path = Info.plist; sourceTree = "<group>"; };
		11A7D78C1BE41DB100DAF030 /* AliasedViewController.swift */ = {isa = PBXFileReference; fileEncoding = 4; lastKnownFileType = sourcecode.swift; path = AliasedViewController.swift; sourceTree = "<group>"; };
		11A7D78D1BE41DB100DAF030 /* AliasedViewControllerProtocol.swift */ = {isa = PBXFileReference; fileEncoding = 4; lastKnownFileType = sourcecode.swift; path = AliasedViewControllerProtocol.swift; sourceTree = "<group>"; };
		11A7D7901BE41DB600DAF030 /* GenericViewController.swift */ = {isa = PBXFileReference; fileEncoding = 4; lastKnownFileType = sourcecode.swift; path = GenericViewController.swift; sourceTree = "<group>"; };
		11A7D7911BE41DB600DAF030 /* SpecializedViewController.swift */ = {isa = PBXFileReference; fileEncoding = 4; lastKnownFileType = sourcecode.swift; path = SpecializedViewController.swift; sourceTree = "<group>"; };
/* End PBXFileReference section */

/* Begin PBXFrameworksBuildPhase section */
		11A7D7741BE41D8A00DAF030 /* Frameworks */ = {
			isa = PBXFrameworksBuildPhase;
			buildActionMask = 2147483647;
			files = (
			);
			runOnlyForDeploymentPostprocessing = 0;
		};
/* End PBXFrameworksBuildPhase section */

/* Begin PBXGroup section */
		11A7D76E1BE41D8A00DAF030 = {
			isa = PBXGroup;
			children = (
				11A7D7791BE41D8A00DAF030 /* IBGenerics */,
				11A7D7781BE41D8A00DAF030 /* Products */,
			);
			sourceTree = "<group>";
		};
		11A7D7781BE41D8A00DAF030 /* Products */ = {
			isa = PBXGroup;
			children = (
				11A7D7771BE41D8A00DAF030 /* IBGenerics.app */,
			);
			name = Products;
			sourceTree = "<group>";
		};
		11A7D7791BE41D8A00DAF030 /* IBGenerics */ = {
			isa = PBXGroup;
			children = (
				11A7D77A1BE41D8A00DAF030 /* AppDelegate.swift */,
				11A7D78C1BE41DB100DAF030 /* AliasedViewController.swift */,
				11A7D78D1BE41DB100DAF030 /* AliasedViewControllerProtocol.swift */,
				11A7D7901BE41DB600DAF030 /* GenericViewController.swift */,
				11A7D7911BE41DB600DAF030 /* SpecializedViewController.swift */,
				11A7D77E1BE41D8A00DAF030 /* Main.storyboard */,
				11A7D7811BE41D8B00DAF030 /* Assets.xcassets */,
				11A7D7831BE41D8B00DAF030 /* LaunchScreen.storyboard */,
				11A7D7861BE41D8B00DAF030 /* Info.plist */,
			);
			path = IBGenerics;
			sourceTree = "<group>";
		};
/* End PBXGroup section */

/* Begin PBXNativeTarget section */
		11A7D7761BE41D8A00DAF030 /* IBGenerics */ = {
			isa = PBXNativeTarget;
			buildConfigurationList = 11A7D7891BE41D8B00DAF030 /* Build configuration list for PBXNativeTarget "IBGenerics" */;
			buildPhases = (
				11A7D7731BE41D8A00DAF030 /* Sources */,
				11A7D7741BE41D8A00DAF030 /* Frameworks */,
				11A7D7751BE41D8A00DAF030 /* Resources */,
			);
			buildRules = (
			);
			dependencies = (
			);
			name = IBGenerics;
			productName = IBGenerics;
			productReference = 11A7D7771BE41D8A00DAF030 /* IBGenerics.app */;
			productType = "com.apple.product-type.application";
		};
/* End PBXNativeTarget section */

/* Begin PBXProject section */
		11A7D76F1BE41D8A00DAF030 /* Project object */ = {
			isa = PBXProject;
			attributes = {
				LastUpgradeCheck = 0700;
				ORGANIZATIONNAME = "Nikita Leonov";
				TargetAttributes = {
					11A7D7761BE41D8A00DAF030 = {
						CreatedOnToolsVersion = 7.0.1;
					};
				};
			};
			buildConfigurationList = 11A7D7721BE41D8A00DAF030 /* Build configuration list for PBXProject "IBGenerics" */;
			compatibilityVersion = "Xcode 3.2";
			developmentRegion = English;
			hasScannedForEncodings = 0;
			knownRegions = (
				en,
				Base,
			);
			mainGroup = 11A7D76E1BE41D8A00DAF030;
			productRefGroup = 11A7D7781BE41D8A00DAF030 /* Products */;
			projectDirPath = "";
			projectRoot = "";
			targets = (
				11A7D7761BE41D8A00DAF030 /* IBGenerics */,
			);
		};
/* End PBXProject section */

/* Begin PBXResourcesBuildPhase section */
		11A7D7751BE41D8A00DAF030 /* Resources */ = {
			isa = PBXResourcesBuildPhase;
			buildActionMask = 2147483647;
			files = (
				11A7D7851BE41D8B00DAF030 /* LaunchScreen.storyboard in Resources */,
				11A7D7821BE41D8B00DAF030 /* Assets.xcassets in Resources */,
				11A7D7801BE41D8A00DAF030 /* Main.storyboard in Resources */,
			);
			runOnlyForDeploymentPostprocessing = 0;
		};
/* End PBXResourcesBuildPhase section */

/* Begin PBXSourcesBuildPhase section */
		11A7D7731BE41D8A00DAF030 /* Sources */ = {
			isa = PBXSourcesBuildPhase;
			buildActionMask = 2147483647;
			files = (
				11A7D78F1BE41DB100DAF030 /* AliasedViewControllerProtocol.swift in Sources */,
				11A7D7931BE41DB600DAF030 /* SpecializedViewController.swift in Sources */,
				11A7D78E1BE41DB100DAF030 /* AliasedViewController.swift in Sources */,
				11A7D7921BE41DB600DAF030 /* GenericViewController.swift in Sources */,
				11A7D77B1BE41D8A00DAF030 /* AppDelegate.swift in Sources */,
			);
			runOnlyForDeploymentPostprocessing = 0;
		};
/* End PBXSourcesBuildPhase section */

/* Begin PBXVariantGroup section */
		11A7D77E1BE41D8A00DAF030 /* Main.storyboard */ = {
			isa = PBXVariantGroup;
			children = (
				11A7D77F1BE41D8A00DAF030 /* Base */,
			);
			name = Main.storyboard;
			sourceTree = "<group>";
		};
		11A7D7831BE41D8B00DAF030 /* LaunchScreen.storyboard */ = {
			isa = PBXVariantGroup;
			children = (
				11A7D7841BE41D8B00DAF030 /* Base */,
			);
			name = LaunchScreen.storyboard;
			sourceTree = "<group>";
		};
/* End PBXVariantGroup section */

/* Begin XCBuildConfiguration section */
		11A7D7871BE41D8B00DAF030 /* Debug */ = {
			isa = XCBuildConfiguration;
			buildSettings = {
				ALWAYS_SEARCH_USER_PATHS = NO;
				CLANG_CXX_LANGUAGE_STANDARD = "gnu++0x";
				CLANG_CXX_LIBRARY = "libc++";
				CLANG_ENABLE_MODULES = YES;
				CLANG_ENABLE_OBJC_ARC = YES;
				CLANG_WARN_BOOL_CONVERSION = YES;
				CLANG_WARN_CONSTANT_CONVERSION = YES;
				CLANG_WARN_DIRECT_OBJC_ISA_USAGE = YES_ERROR;
				CLANG_WARN_EMPTY_BODY = YES;
				CLANG_WARN_ENUM_CONVERSION = YES;
				CLANG_WARN_INT_CONVERSION = YES;
				CLANG_WARN_OBJC_ROOT_CLASS = YES_ERROR;
				CLANG_WARN_UNREACHABLE_CODE = YES;
				CLANG_WARN__DUPLICATE_METHOD_MATCH = YES;
				"CODE_SIGN_IDENTITY[sdk=iphoneos*]" = "iPhone Developer";
				COPY_PHASE_STRIP = NO;
				DEBUG_INFORMATION_FORMAT = dwarf;
				ENABLE_STRICT_OBJC_MSGSEND = YES;
				ENABLE_TESTABILITY = YES;
				GCC_C_LANGUAGE_STANDARD = gnu99;
				GCC_DYNAMIC_NO_PIC = NO;
				GCC_NO_COMMON_BLOCKS = YES;
				GCC_OPTIMIZATION_LEVEL = 0;
				GCC_PREPROCESSOR_DEFINITIONS = (
					"DEBUG=1",
					"$(inherited)",
				);
				GCC_WARN_64_TO_32_BIT_CONVERSION = YES;
				GCC_WARN_ABOUT_RETURN_TYPE = YES_ERROR;
				GCC_WARN_UNDECLARED_SELECTOR = YES;
				GCC_WARN_UNINITIALIZED_AUTOS = YES_AGGRESSIVE;
				GCC_WARN_UNUSED_FUNCTION = YES;
				GCC_WARN_UNUSED_VARIABLE = YES;
				IPHONEOS_DEPLOYMENT_TARGET = 9.0;
				MTL_ENABLE_DEBUG_INFO = YES;
				ONLY_ACTIVE_ARCH = YES;
				SDKROOT = iphoneos;
				SWIFT_OPTIMIZATION_LEVEL = "-Onone";
			};
			name = Debug;
		};
		11A7D7881BE41D8B00DAF030 /* Release */ = {
			isa = XCBuildConfiguration;
			buildSettings = {
				ALWAYS_SEARCH_USER_PATHS = NO;
				CLANG_CXX_LANGUAGE_STANDARD = "gnu++0x";
				CLANG_CXX_LIBRARY = "libc++";
				CLANG_ENABLE_MODULES = YES;
				CLANG_ENABLE_OBJC_ARC = YES;
				CLANG_WARN_BOOL_CONVERSION = YES;
				CLANG_WARN_CONSTANT_CONVERSION = YES;
				CLANG_WARN_DIRECT_OBJC_ISA_USAGE = YES_ERROR;
				CLANG_WARN_EMPTY_BODY = YES;
				CLANG_WARN_ENUM_CONVERSION = YES;
				CLANG_WARN_INT_CONVERSION = YES;
				CLANG_WARN_OBJC_ROOT_CLASS = YES_ERROR;
				CLANG_WARN_UNREACHABLE_CODE = YES;
				CLANG_WARN__DUPLICATE_METHOD_MATCH = YES;
				"CODE_SIGN_IDENTITY[sdk=iphoneos*]" = "iPhone Developer";
				COPY_PHASE_STRIP = NO;
				DEBUG_INFORMATION_FORMAT = "dwarf-with-dsym";
				ENABLE_NS_ASSERTIONS = NO;
				ENABLE_STRICT_OBJC_MSGSEND = YES;
				GCC_C_LANGUAGE_STANDARD = gnu99;
				GCC_NO_COMMON_BLOCKS = YES;
				GCC_WARN_64_TO_32_BIT_CONVERSION = YES;
				GCC_WARN_ABOUT_RETURN_TYPE = YES_ERROR;
				GCC_WARN_UNDECLARED_SELECTOR = YES;
				GCC_WARN_UNINITIALIZED_AUTOS = YES_AGGRESSIVE;
				GCC_WARN_UNUSED_FUNCTION = YES;
				GCC_WARN_UNUSED_VARIABLE = YES;
				IPHONEOS_DEPLOYMENT_TARGET = 9.0;
				MTL_ENABLE_DEBUG_INFO = NO;
				SDKROOT = iphoneos;
				VALIDATE_PRODUCT = YES;
			};
			name = Release;
		};
		11A7D78A1BE41D8B00DAF030 /* Debug */ = {
			isa = XCBuildConfiguration;
			buildSettings = {
				ASSETCATALOG_COMPILER_APPICON_NAME = AppIcon;
				INFOPLIST_FILE = IBGenerics/Info.plist;
				LD_RUNPATH_SEARCH_PATHS = "$(inherited) @executable_path/Frameworks";
				PRODUCT_BUNDLE_IDENTIFIER = co.leonov.IBGenerics;
				PRODUCT_NAME = "$(TARGET_NAME)";
			};
			name = Debug;
		};
		11A7D78B1BE41D8B00DAF030 /* Release */ = {
			isa = XCBuildConfiguration;
			buildSettings = {
				ASSETCATALOG_COMPILER_APPICON_NAME = AppIcon;
				INFOPLIST_FILE = IBGenerics/Info.plist;
				LD_RUNPATH_SEARCH_PATHS = "$(inherited) @executable_path/Frameworks";
				PRODUCT_BUNDLE_IDENTIFIER = co.leonov.IBGenerics;
				PRODUCT_NAME = "$(TARGET_NAME)";
			};
			name = Release;
		};
/* End XCBuildConfiguration section */

/* Begin XCConfigurationList section */
		11A7D7721BE41D8A00DAF030 /* Build configuration list for PBXProject "IBGenerics" */ = {
			isa = XCConfigurationList;
			buildConfigurations = (
				11A7D7871BE41D8B00DAF030 /* Debug */,
				11A7D7881BE41D8B00DAF030 /* Release */,
			);
			defaultConfigurationIsVisible = 0;
			defaultConfigurationName = Release;
		};
		11A7D7891BE41D8B00DAF030 /* Build configuration list for PBXNativeTarget "IBGenerics" */ = {
			isa = XCConfigurationList;
			buildConfigurations = (
				11A7D78A1BE41D8B00DAF030 /* Debug */,
				11A7D78B1BE41D8B00DAF030 /* Release */,
			);
			defaultConfigurationIsVisible = 0;
		};
/* End XCConfigurationList section */
	};
	rootObject = 11A7D76F1BE41D8A00DAF030 /* Project object */;
}
